Microsoft Visual Studio Solution File, Format Version 12.00
# Visual Studio Version 17
VisualStudioVersion = 17.0.32112.339
MinimumVisualStudioVersion = 10.0.40219.1
Project("{2150E333-8FDC-42A3-9474-1A3956D46DE8}") = "src", "src", "{BC7CA20F-741B-4757-8833-EA38E62FC786}"
EndProject
Project("{2150E333-8FDC-42A3-9474-1A3956D46DE8}") = "corePackages", "corePackages", "{403A7B6A-EDB3-4B56-8DF2-A92A3247C721}"
EndProject
Project("{9A19103F-16F7-4668-BE54-9A1E7A4F7556}") = "Core.Persistence", "src\corePackages\Core.Persistence\Core.Persistence.csproj", "{430101C0-BAE0-41E7-801E-0BC492073E28}"
EndProject
Project("{9A19103F-16F7-4668-BE54-9A1E7A4F7556}") = "Core.CrossCuttingConcerns", "src\corePackages\Core.CrossCuttingConcerns\Core.CrossCuttingConcerns.csproj", "{58361D6C-B594-42B2-9BDA-92C1B5812A50}"
EndProject
Project("{9A19103F-16F7-4668-BE54-9A1E7A4F7556}") = "Core.Application", "src\corePackages\Core.Application\Core.Application.csproj", "{0B8A1EBC-8A90-4324-A9C6-E98D1E2D0293}"
EndProject
Project("{9A19103F-16F7-4668-BE54-9A1E7A4F7556}") = "Core.Mailing", "src\corePackages\Core.Mailing\Core.Mailing.csproj", "{3E439D5D-35A3-4A08-9985-EC0F1EC9C650}"
EndProject
Project("{9A19103F-16F7-4668-BE54-9A1E7A4F7556}") = "Core.Security", "src\corePackages\Core.Security\Core.Security.csproj", "{B8A4FFEC-7E11-427E-AB1D-B0F03CAC3BDC}"
EndProject
Project("{9A19103F-16F7-4668-BE54-9A1E7A4F7556}") = "Core.WebAPI", "src\corePackages\Core.WebAPI\Core.WebAPI.csproj", "{24AE40CB-3961-4DBA-9E7B-E48893CA8DA5}"
EndProject
Project("{2150E333-8FDC-42A3-9474-1A3956D46DE8}") = "basketService", "basketService", "{91C60B0D-D47C-4150-B0C6-4D7E1F87D1E6}"
EndProject
Project("{9A19103F-16F7-4668-BE54-9A1E7A4F7556}") = "Application", "src\basketService\Application\Application.csproj", "{472C82DD-5ACD-474F-BF9C-C996660B0A05}"
EndProject
Project("{9A19103F-16F7-4668-BE54-9A1E7A4F7556}") = "Domain", "src\basketService\Domain\Domain.csproj", "{515DDF04-07D1-49E9-B1B1-F13798D74FD6}"
EndProject
Project("{9A19103F-16F7-4668-BE54-9A1E7A4F7556}") = "Persistence", "src\basketService\Persistence\Persistence.csproj", "{1DBB57BB-2A3C-42C9-915E-0C805B1ACC7C}"
EndProject
Project("{9A19103F-16F7-4668-BE54-9A1E7A4F7556}") = "WebAPI", "src\basketService\WebAPI\WebAPI.csproj", "{C20881B4-AD80-482E-8C05-7B50553E77F6}"
EndProject
Project("{2150E333-8FDC-42A3-9474-1A3956D46DE8}") = "orderService", "orderService", "{5915494C-75EA-4D22-8965-9FF2FA9B4BF9}"
EndProject
Project("{9A19103F-16F7-4668-BE54-9A1E7A4F7556}") = "Application", "src\orderService\Application\Application.csproj", "{057D2769-4063-4EC0-911E-DEDE415DA11E}"
EndProject
Project("{9A19103F-16F7-4668-BE54-9A1E7A4F7556}") = "Domain", "src\orderService\Domain\Domain.csproj", "{24C63BD2-0E04-4F83-9B73-F3FA6160F47E}"
EndProject
Project("{9A19103F-16F7-4668-BE54-9A1E7A4F7556}") = "Persistence", "src\orderService\Persistence\Persistence.csproj", "{0BDCB339-1E67-489F-AED0-4D9FE5CE67F7}"
EndProject
Project("{9A19103F-16F7-4668-BE54-9A1E7A4F7556}") = "WebAPI", "src\orderService\WebAPI\WebAPI.csproj", "{3778270F-29F9-4509-9BDB-CC6BC1D9E8C9}"
EndProject
Project("{FAE04EC0-301F-11D3-BF4B-00C04F79EFBC}") = "Core.EventBus", "src\corePackages\Core.EventBus\Core.EventBus.csproj", "{742068D9-FA3F-4A0D-84AC-AF83A5BFD3C2}"
EndProject
Project("{FAE04EC0-301F-11D3-BF4B-00C04F79EFBC}") = "Core.ElasticSearch", "src\corePackages\Core.ElasticSearch\Core.ElasticSearch.csproj", "{28D0FE12-6B59-4B78-A9DC-D7A0A1C6DD3E}"
EndProject
Project("{FAE04EC0-301F-11D3-BF4B-00C04F79EFBC}") = "WorkerService1", "WorkerService1\WorkerService1.csproj", "{7CD53A1D-5499-4AB3-BBEB-91044BACBD3C}"
EndProject
Project("{FAE04EC0-301F-11D3-BF4B-00C04F79EFBC}") = "Core.Consul", "src\corePackages\Core.Consul\Core.Consul.csproj", "{A4A1DF56-95B8-4CA3-966D-E142EB913D53}"
EndProject
Global
	GlobalSection(SolutionConfigurationPlatforms) = preSolution
		Debug|Any CPU = Debug|Any CPU
		Release|Any CPU = Release|Any CPU
	EndGlobalSection
	GlobalSection(ProjectConfigurationPlatforms) = postSolution
		{430101C0-BAE0-41E7-801E-0BC492073E28}.Debug|Any CPU.ActiveCfg = Debug|Any CPU
		{430101C0-BAE0-41E7-801E-0BC492073E28}.Debug|Any CPU.Build.0 = Debug|Any CPU
		{430101C0-BAE0-41E7-801E-0BC492073E28}.Release|Any CPU.ActiveCfg = Release|Any CPU
		{430101C0-BAE0-41E7-801E-0BC492073E28}.Release|Any CPU.Build.0 = Release|Any CPU
		{58361D6C-B594-42B2-9BDA-92C1B5812A50}.Debug|Any CPU.ActiveCfg = Debug|Any CPU
		{58361D6C-B594-42B2-9BDA-92C1B5812A50}.Debug|Any CPU.Build.0 = Debug|Any CPU
		{58361D6C-B594-42B2-9BDA-92C1B5812A50}.Release|Any CPU.ActiveCfg = Release|Any CPU
		{58361D6C-B594-42B2-9BDA-92C1B5812A50}.Release|Any CPU.Build.0 = Release|Any CPU
		{0B8A1EBC-8A90-4324-A9C6-E98D1E2D0293}.Debug|Any CPU.ActiveCfg = Debug|Any CPU
		{0B8A1EBC-8A90-4324-A9C6-E98D1E2D0293}.Debug|Any CPU.Build.0 = Debug|Any CPU
		{0B8A1EBC-8A90-4324-A9C6-E98D1E2D0293}.Release|Any CPU.ActiveCfg = Release|Any CPU
		{0B8A1EBC-8A90-4324-A9C6-E98D1E2D0293}.Release|Any CPU.Build.0 = Release|Any CPU
		{3E439D5D-35A3-4A08-9985-EC0F1EC9C650}.Debug|Any CPU.ActiveCfg = Debug|Any CPU
		{3E439D5D-35A3-4A08-9985-EC0F1EC9C650}.Debug|Any CPU.Build.0 = Debug|Any CPU
		{3E439D5D-35A3-4A08-9985-EC0F1EC9C650}.Release|Any CPU.ActiveCfg = Release|Any CPU
		{3E439D5D-35A3-4A08-9985-EC0F1EC9C650}.Release|Any CPU.Build.0 = Release|Any CPU
		{B8A4FFEC-7E11-427E-AB1D-B0F03CAC3BDC}.Debug|Any CPU.ActiveCfg = Debug|Any CPU
		{B8A4FFEC-7E11-427E-AB1D-B0F03CAC3BDC}.Debug|Any CPU.Build.0 = Debug|Any CPU
		{B8A4FFEC-7E11-427E-AB1D-B0F03CAC3BDC}.Release|Any CPU.ActiveCfg = Release|Any CPU
		{B8A4FFEC-7E11-427E-AB1D-B0F03CAC3BDC}.Release|Any CPU.Build.0 = Release|Any CPU
		{24AE40CB-3961-4DBA-9E7B-E48893CA8DA5}.Debug|Any CPU.ActiveCfg = Debug|Any CPU
		{24AE40CB-3961-4DBA-9E7B-E48893CA8DA5}.Debug|Any CPU.Build.0 = Debug|Any CPU
		{24AE40CB-3961-4DBA-9E7B-E48893CA8DA5}.Release|Any CPU.ActiveCfg = Release|Any CPU
		{24AE40CB-3961-4DBA-9E7B-E48893CA8DA5}.Release|Any CPU.Build.0 = Release|Any CPU
		{472C82DD-5ACD-474F-BF9C-C996660B0A05}.Debug|Any CPU.ActiveCfg = Debug|Any CPU
		{472C82DD-5ACD-474F-BF9C-C996660B0A05}.Debug|Any CPU.Build.0 = Debug|Any CPU
		{472C82DD-5ACD-474F-BF9C-C996660B0A05}.Release|Any CPU.ActiveCfg = Release|Any CPU
		{472C82DD-5ACD-474F-BF9C-C996660B0A05}.Release|Any CPU.Build.0 = Release|Any CPU
		{515DDF04-07D1-49E9-B1B1-F13798D74FD6}.Debug|Any CPU.ActiveCfg = Debug|Any CPU
		{515DDF04-07D1-49E9-B1B1-F13798D74FD6}.Debug|Any CPU.Build.0 = Debug|Any CPU
		{515DDF04-07D1-49E9-B1B1-F13798D74FD6}.Release|Any CPU.ActiveCfg = Release|Any CPU
		{515DDF04-07D1-49E9-B1B1-F13798D74FD6}.Release|Any CPU.Build.0 = Release|Any CPU
		{1DBB57BB-2A3C-42C9-915E-0C805B1ACC7C}.Debug|Any CPU.ActiveCfg = Debug|Any CPU
		{1DBB57BB-2A3C-42C9-915E-0C805B1ACC7C}.Debug|Any CPU.Build.0 = Debug|Any CPU
		{1DBB57BB-2A3C-42C9-915E-0C805B1ACC7C}.Release|Any CPU.ActiveCfg = Release|Any CPU
		{1DBB57BB-2A3C-42C9-915E-0C805B1ACC7C}.Release|Any CPU.Build.0 = Release|Any CPU
		{C20881B4-AD80-482E-8C05-7B50553E77F6}.Debug|Any CPU.ActiveCfg = Debug|Any CPU
		{C20881B4-AD80-482E-8C05-7B50553E77F6}.Debug|Any CPU.Build.0 = Debug|Any CPU
		{C20881B4-AD80-482E-8C05-7B50553E77F6}.Release|Any CPU.ActiveCfg = Release|Any CPU
		{C20881B4-AD80-482E-8C05-7B50553E77F6}.Release|Any CPU.Build.0 = Release|Any CPU
		{057D2769-4063-4EC0-911E-DEDE415DA11E}.Debug|Any CPU.ActiveCfg = Debug|Any CPU
		{057D2769-4063-4EC0-911E-DEDE415DA11E}.Debug|Any CPU.Build.0 = Debug|Any CPU
		{057D2769-4063-4EC0-911E-DEDE415DA11E}.Release|Any CPU.ActiveCfg = Release|Any CPU
		{057D2769-4063-4EC0-911E-DEDE415DA11E}.Release|Any CPU.Build.0 = Release|Any CPU
		{24C63BD2-0E04-4F83-9B73-F3FA6160F47E}.Debug|Any CPU.ActiveCfg = Debug|Any CPU
		{24C63BD2-0E04-4F83-9B73-F3FA6160F47E}.Debug|Any CPU.Build.0 = Debug|Any CPU
		{24C63BD2-0E04-4F83-9B73-F3FA6160F47E}.Release|Any CPU.ActiveCfg = Release|Any CPU
		{24C63BD2-0E04-4F83-9B73-F3FA6160F47E}.Release|Any CPU.Build.0 = Release|Any CPU
		{0BDCB339-1E67-489F-AED0-4D9FE5CE67F7}.Debug|Any CPU.ActiveCfg = Debug|Any CPU
		{0BDCB339-1E67-489F-AED0-4D9FE5CE67F7}.Debug|Any CPU.Build.0 = Debug|Any CPU
		{0BDCB339-1E67-489F-AED0-4D9FE5CE67F7}.Release|Any CPU.ActiveCfg = Release|Any CPU
		{0BDCB339-1E67-489F-AED0-4D9FE5CE67F7}.Release|Any CPU.Build.0 = Release|Any CPU
		{3778270F-29F9-4509-9BDB-CC6BC1D9E8C9}.Debug|Any CPU.ActiveCfg = Debug|Any CPU
		{3778270F-29F9-4509-9BDB-CC6BC1D9E8C9}.Debug|Any CPU.Build.0 = Debug|Any CPU
		{3778270F-29F9-4509-9BDB-CC6BC1D9E8C9}.Release|Any CPU.ActiveCfg = Release|Any CPU
		{3778270F-29F9-4509-9BDB-CC6BC1D9E8C9}.Release|Any CPU.Build.0 = Release|Any CPU
		{742068D9-FA3F-4A0D-84AC-AF83A5BFD3C2}.Debug|Any CPU.ActiveCfg = Debug|Any CPU
		{742068D9-FA3F-4A0D-84AC-AF83A5BFD3C2}.Debug|Any CPU.Build.0 = Debug|Any CPU
		{742068D9-FA3F-4A0D-84AC-AF83A5BFD3C2}.Release|Any CPU.ActiveCfg = Release|Any CPU
		{742068D9-FA3F-4A0D-84AC-AF83A5BFD3C2}.Release|Any CPU.Build.0 = Release|Any CPU
		{28D0FE12-6B59-4B78-A9DC-D7A0A1C6DD3E}.Debug|Any CPU.ActiveCfg = Debug|Any CPU
		{28D0FE12-6B59-4B78-A9DC-D7A0A1C6DD3E}.Debug|Any CPU.Build.0 = Debug|Any CPU
		{28D0FE12-6B59-4B78-A9DC-D7A0A1C6DD3E}.Release|Any CPU.ActiveCfg = Release|Any CPU
		{28D0FE12-6B59-4B78-A9DC-D7A0A1C6DD3E}.Release|Any CPU.Build.0 = Release|Any CPU
		{7CD53A1D-5499-4AB3-BBEB-91044BACBD3C}.Debug|Any CPU.ActiveCfg = Debug|Any CPU
		{7CD53A1D-5499-4AB3-BBEB-91044BACBD3C}.Debug|Any CPU.Build.0 = Debug|Any CPU
		{7CD53A1D-5499-4AB3-BBEB-91044BACBD3C}.Release|Any CPU.ActiveCfg = Release|Any CPU
		{7CD53A1D-5499-4AB3-BBEB-91044BACBD3C}.Release|Any CPU.Build.0 = Release|Any CPU
		{A4A1DF56-95B8-4CA3-966D-E142EB913D53}.Debug|Any CPU.ActiveCfg = Debug|Any CPU
		{A4A1DF56-95B8-4CA3-966D-E142EB913D53}.Debug|Any CPU.Build.0 = Debug|Any CPU
		{A4A1DF56-95B8-4CA3-966D-E142EB913D53}.Release|Any CPU.ActiveCfg = Release|Any CPU
		{A4A1DF56-95B8-4CA3-966D-E142EB913D53}.Release|Any CPU.Build.0 = Release|Any CPU
	EndGlobalSection
	GlobalSection(SolutionProperties) = preSolution
		HideSolutionNode = FALSE
	EndGlobalSection
	GlobalSection(NestedProjects) = preSolution
		{403A7B6A-EDB3-4B56-8DF2-A92A3247C721} = {BC7CA20F-741B-4757-8833-EA38E62FC786}
		{430101C0-BAE0-41E7-801E-0BC492073E28} = {403A7B6A-EDB3-4B56-8DF2-A92A3247C721}
		{58361D6C-B594-42B2-9BDA-92C1B5812A50} = {403A7B6A-EDB3-4B56-8DF2-A92A3247C721}
		{0B8A1EBC-8A90-4324-A9C6-E98D1E2D0293} = {403A7B6A-EDB3-4B56-8DF2-A92A3247C721}
		{3E439D5D-35A3-4A08-9985-EC0F1EC9C650} = {403A7B6A-EDB3-4B56-8DF2-A92A3247C721}
		{B8A4FFEC-7E11-427E-AB1D-B0F03CAC3BDC} = {403A7B6A-EDB3-4B56-8DF2-A92A3247C721}
		{24AE40CB-3961-4DBA-9E7B-E48893CA8DA5} = {403A7B6A-EDB3-4B56-8DF2-A92A3247C721}
		{91C60B0D-D47C-4150-B0C6-4D7E1F87D1E6} = {BC7CA20F-741B-4757-8833-EA38E62FC786}
		{472C82DD-5ACD-474F-BF9C-C996660B0A05} = {91C60B0D-D47C-4150-B0C6-4D7E1F87D1E6}
		{515DDF04-07D1-49E9-B1B1-F13798D74FD6} = {91C60B0D-D47C-4150-B0C6-4D7E1F87D1E6}
		{1DBB57BB-2A3C-42C9-915E-0C805B1ACC7C} = {91C60B0D-D47C-4150-B0C6-4D7E1F87D1E6}
		{C20881B4-AD80-482E-8C05-7B50553E77F6} = {91C60B0D-D47C-4150-B0C6-4D7E1F87D1E6}
		{5915494C-75EA-4D22-8965-9FF2FA9B4BF9} = {BC7CA20F-741B-4757-8833-EA38E62FC786}
		{057D2769-4063-4EC0-911E-DEDE415DA11E} = {5915494C-75EA-4D22-8965-9FF2FA9B4BF9}
		{24C63BD2-0E04-4F83-9B73-F3FA6160F47E} = {5915494C-75EA-4D22-8965-9FF2FA9B4BF9}
		{0BDCB339-1E67-489F-AED0-4D9FE5CE67F7} = {5915494C-75EA-4D22-8965-9FF2FA9B4BF9}
		{3778270F-29F9-4509-9BDB-CC6BC1D9E8C9} = {5915494C-75EA-4D22-8965-9FF2FA9B4BF9}
		{742068D9-FA3F-4A0D-84AC-AF83A5BFD3C2} = {403A7B6A-EDB3-4B56-8DF2-A92A3247C721}
		{28D0FE12-6B59-4B78-A9DC-D7A0A1C6DD3E} = {403A7B6A-EDB3-4B56-8DF2-A92A3247C721}
		{7CD53A1D-5499-4AB3-BBEB-91044BACBD3C} = {5915494C-75EA-4D22-8965-9FF2FA9B4BF9}
		{A4A1DF56-95B8-4CA3-966D-E142EB913D53} = {403A7B6A-EDB3-4B56-8DF2-A92A3247C721}
	EndGlobalSection
	GlobalSection(ExtensibilityGlobals) = postSolution
		SolutionGuid = {9208CFCE-156A-49CD-9E43-32CE67AAB957}
	EndGlobalSection
EndGlobal
